
Microsoft Visual Studio Solution File, Format Version 12.00
# Visual Studio Version 17
VisualStudioVersion = 17.0.31903.59
MinimumVisualStudioVersion = 10.0.40219.1
Project("{FAE04EC0-301F-11D3-BF4B-00C04F79EFBC}") = "WebAPI", "src\WebAPI\WebAPI.csproj", "{DE3F43E5-0574-4E96-A19E-408B395A338A}"
EndProject
Project("{FAE04EC0-301F-11D3-BF4B-00C04F79EFBC}") = "WebAPITests", "src\WebAPITests\WebAPITests.csproj", "{D33B0D46-A13D-45A5-9A15-D29FD245C160}"
EndProject
Global
	GlobalSection(SolutionConfigurationPlatforms) = preSolution
		Debug|Any CPU = Debug|Any CPU
		Release|Any CPU = Release|Any CPU
	EndGlobalSection
	GlobalSection(ProjectConfigurationPlatforms) = postSolution
		{DE3F43E5-0574-4E96-A19E-408B395A338A}.Debug|Any CPU.ActiveCfg = Debug|Any CPU
		{DE3F43E5-0574-4E96-A19E-408B395A338A}.Debug|Any CPU.Build.0 = Debug|Any CPU
		{DE3F43E5-0574-4E96-A19E-408B395A338A}.Release|Any CPU.ActiveCfg = Release|Any CPU
		{DE3F43E5-0574-4E96-A19E-408B395A338A}.Release|Any CPU.Build.0 = Release|Any CPU
		{D33B0D46-A13D-45A5-9A15-D29FD245C160}.Debug|Any CPU.ActiveCfg = Debug|Any CPU
		{D33B0D46-A13D-45A5-9A15-D29FD245C160}.Debug|Any CPU.Build.0 = Debug|Any CPU
		{D33B0D46-A13D-45A5-9A15-D29FD245C160}.Release|Any CPU.ActiveCfg = Release|Any CPU
		{D33B0D46-A13D-45A5-9A15-D29FD245C160}.Release|Any CPU.Build.0 = Release|Any CPU
	EndGlobalSection
	GlobalSection(SolutionProperties) = preSolution
		HideSolutionNode = FALSE
	EndGlobalSection
	GlobalSection(ExtensibilityGlobals) = postSolution
		SolutionGuid = {1EFC9F93-6594-48C2-ABF1-DDF00445CA40}
	EndGlobalSection
EndGlobal
